github.com/logrusorgru/aurora v0.0.0-20181002194514-a7b3b318ed4e h1:9MlwzLdW7QSDrhDjFlsEYmxpFyIoXmYRon3dt0io31k=
github.com/logrusorgru/aurora v0.0.0-20181002194514-a7b3b318ed4e/go.mod h1:7rIyQOR62GCctdiQpZ/zOJlFyk6y+94wXzv6RNZgaR4=
github.com/quan-to/slog v0.0.0-20190317205605-56a2b4159924 h1:LRAAFmYMlaelEo4YLL+YG89di3S2y33E9K1Hb+NLkT4=
github.com/quan-to/slog v0.0.0-20190317205605-56a2b4159924/go.mod h1:xc9X6JvWjqAAIox9u4uuolisjwl/GbfkktH6f+nOgqU=
github.com/racerxdl/fastconvert v0.0.0-20190129064530-871b6f6cd82a h1:uuXKE3aD/UCTL2U/mnvnDlZV/0161Qo5Ebq1kh8x3Ys=
github.com/racerxdl/fastconvert v0.0.0-20190129064530-871b6f6cd82a/go.mod h1:V4kP6uu5nqjDVGhlYMtT/7JG7WJjXnipMGcQ8PFeUqU=
github.com/racerxdl/go.fifo v0.0.0-20180604061744-c6aa83afe374 h1:P2TDDsGEWzzfhAnthdQc+Vwmv/+xEKHwoNFF3Swl6X0=
github.com/racerxdl/go.fifo v0.0.0-20180604061744-c6aa83afe374/go.mod h1:CvYWG6Py4TRzGCUVX2n8+CjE6mrME/+kHkkGmbDA5zw=
github.com/racerxdl/segdsp v0.0.0-20190316095630-594e0a66b9aa h1:YxCfFkauZq1W8Jsl/7gz7vLtpkNSxMXWFFb241UJfN0=
github.com/racerxdl/segdsp v0.0.0-20190316095630-594e0a66b9aa/go.mod h1:YckaqBtBcmcSBVnedhv93CfXNe88jyMRy89MVNoNgII=
